
Microsoft Visual Studio Solution File, Format Version 12.00
# Visual Studio 15
VisualStudioVersion = 15.0.26430.15
MinimumVisualStudioVersion = 10.0.40219.1
Project("{9A19103F-16F7-4668-BE54-9A1E7A4F7556}") = "cqrs.example.webapp", "cqrs.example.webapp\cqrs.example.webapp.csproj", "{0A29909F-AB86-4811-8827-9DC1A855F409}"
EndProject
Project("{9A19103F-16F7-4668-BE54-9A1E7A4F7556}") = "cqrs.example.queries", "cqrs.example.queries\cqrs.example.queries.csproj", "{B39A6A02-D7A6-4954-B183-29503CB21BB5}"
EndProject
Project("{9A19103F-16F7-4668-BE54-9A1E7A4F7556}") = "cqrs.example.commands", "cqrs.example.commands\cqrs.example.commands.csproj", "{CF703FEC-E6CF-4795-80FA-9EF1627F954B}"
EndProject
Global
	GlobalSection(SolutionConfigurationPlatforms) = preSolution
		Debug|Any CPU = Debug|Any CPU
		Release|Any CPU = Release|Any CPU
	EndGlobalSection
	GlobalSection(ProjectConfigurationPlatforms) = postSolution
		{0A29909F-AB86-4811-8827-9DC1A855F409}.Debug|Any CPU.ActiveCfg = Debug|Any CPU
		{0A29909F-AB86-4811-8827-9DC1A855F409}.Debug|Any CPU.Build.0 = Debug|Any CPU
		{0A29909F-AB86-4811-8827-9DC1A855F409}.Release|Any CPU.ActiveCfg = Release|Any CPU
		{0A29909F-AB86-4811-8827-9DC1A855F409}.Release|Any CPU.Build.0 = Release|Any CPU
		{B39A6A02-D7A6-4954-B183-29503CB21BB5}.Debug|Any CPU.ActiveCfg = Debug|Any CPU
		{B39A6A02-D7A6-4954-B183-29503CB21BB5}.Debug|Any CPU.Build.0 = Debug|Any CPU
		{B39A6A02-D7A6-4954-B183-29503CB21BB5}.Release|Any CPU.ActiveCfg = Release|Any CPU
		{B39A6A02-D7A6-4954-B183-29503CB21BB5}.Release|Any CPU.Build.0 = Release|Any CPU
		{CF703FEC-E6CF-4795-80FA-9EF1627F954B}.Debug|Any CPU.ActiveCfg = Debug|Any CPU
		{CF703FEC-E6CF-4795-80FA-9EF1627F954B}.Debug|Any CPU.Build.0 = Debug|Any CPU
		{CF703FEC-E6CF-4795-80FA-9EF1627F954B}.Release|Any CPU.ActiveCfg = Release|Any CPU
		{CF703FEC-E6CF-4795-80FA-9EF1627F954B}.Release|Any CPU.Build.0 = Release|Any CPU
	EndGlobalSection
	GlobalSection(SolutionProperties) = preSolution
		HideSolutionNode = FALSE
	EndGlobalSection
	GlobalSection(ExtensibilityGlobals) = postSolution
		SolutionGuid = {05205292-4594-4285-831A-33EDCEB87371}
	EndGlobalSection
EndGlobal
