
Microsoft Visual Studio Solution File, Format Version 12.00
# Visual Studio 15
VisualStudioVersion = 15.0.26711.1
MinimumVisualStudioVersion = 10.0.40219.1
Project("{FAE04EC0-301F-11D3-BF4B-00C04F79EFBC}") = "simple_cqrs.webapp", "simple_cqrs.webapp\simple_cqrs.webapp.csproj", "{D8784354-75EC-4499-8C38-0CA5B142DB33}"
EndProject
Project("{FAE04EC0-301F-11D3-BF4B-00C04F79EFBC}") = "simple_cqrs.commands", "simple_cqrs.commands\simple_cqrs.commands.csproj", "{14ECF93B-DADD-48DC-8D3F-545A826E89BE}"
EndProject
Project("{FAE04EC0-301F-11D3-BF4B-00C04F79EFBC}") = "simple_cqrs.queries", "simple_cqrs.queries\simple_cqrs.queries.csproj", "{7E6858DC-72A0-43AF-988B-6F56CD189341}"
EndProject
Global
	GlobalSection(SolutionConfigurationPlatforms) = preSolution
		Debug|Any CPU = Debug|Any CPU
		Release|Any CPU = Release|Any CPU
	EndGlobalSection
	GlobalSection(ProjectConfigurationPlatforms) = postSolution
		{D8784354-75EC-4499-8C38-0CA5B142DB33}.Debug|Any CPU.ActiveCfg = Debug|Any CPU
		{D8784354-75EC-4499-8C38-0CA5B142DB33}.Debug|Any CPU.Build.0 = Debug|Any CPU
		{D8784354-75EC-4499-8C38-0CA5B142DB33}.Release|Any CPU.ActiveCfg = Release|Any CPU
		{D8784354-75EC-4499-8C38-0CA5B142DB33}.Release|Any CPU.Build.0 = Release|Any CPU
		{14ECF93B-DADD-48DC-8D3F-545A826E89BE}.Debug|Any CPU.ActiveCfg = Debug|Any CPU
		{14ECF93B-DADD-48DC-8D3F-545A826E89BE}.Debug|Any CPU.Build.0 = Debug|Any CPU
		{14ECF93B-DADD-48DC-8D3F-545A826E89BE}.Release|Any CPU.ActiveCfg = Release|Any CPU
		{14ECF93B-DADD-48DC-8D3F-545A826E89BE}.Release|Any CPU.Build.0 = Release|Any CPU
		{7E6858DC-72A0-43AF-988B-6F56CD189341}.Debug|Any CPU.ActiveCfg = Debug|Any CPU
		{7E6858DC-72A0-43AF-988B-6F56CD189341}.Debug|Any CPU.Build.0 = Debug|Any CPU
		{7E6858DC-72A0-43AF-988B-6F56CD189341}.Release|Any CPU.ActiveCfg = Release|Any CPU
		{7E6858DC-72A0-43AF-988B-6F56CD189341}.Release|Any CPU.Build.0 = Release|Any CPU
	EndGlobalSection
	GlobalSection(SolutionProperties) = preSolution
		HideSolutionNode = FALSE
	EndGlobalSection
	GlobalSection(ExtensibilityGlobals) = postSolution
		SolutionGuid = {D15A0557-C89D-4043-B1C0-2C063BE9E65C}
	EndGlobalSection
EndGlobal
